{
    "name": "basic-usage",
    "version": "0.0.1",
    "lockfileVersion": 3,
    "requires": true,
    "packages": {
        "": {
            "name": "basic-usage",
            "version": "0.0.1",
            "dependencies": {
                "revisitor": "../../"
            }
        },
        "../..": {
            "version": "0.0.2",
            "license": "MIT",
            "dependencies": {
                "note-down": "^1.0.2",
                "zx": "^7.2.3"
            },
            "bin": {
                "revisitor": "index.js"
            },
            "engines": {
                "node": ">=18"
            }
        },
        "../../index.js": {
            "extraneous": true
        },
        "node_modules/revisitor": {
            "resolved": "../..",
            "link": true
        }
    }
}
